
Microsoft Visual Studio Solution File, Format Version 12.00
# Visual Studio Version 17
VisualStudioVersion = 17.14.36310.24 d17.14
MinimumVisualStudioVersion = 10.0.40219.1
Project("{FAE04EC0-301F-11D3-BF4B-00C04F79EFBC}") = "programacionpractica2", "programacionpractica2\programacionpractica2.csproj", "{94BDE4B2-6FE6-4A6A-AECD-7656670497CB}"
EndProject
Global
	GlobalSection(SolutionConfigurationPlatforms) = preSolution
		Debug|Any CPU = Debug|Any CPU
		Release|Any CPU = Release|Any CPU
	EndGlobalSection
	GlobalSection(ProjectConfigurationPlatforms) = postSolution
		{94BDE4B2-6FE6-4A6A-AECD-7656670497CB}.Debug|Any CPU.ActiveCfg = Debug|Any CPU
		{94BDE4B2-6FE6-4A6A-AECD-7656670497CB}.Debug|Any CPU.Build.0 = Debug|Any CPU
		{94BDE4B2-6FE6-4A6A-AECD-7656670497CB}.Release|Any CPU.ActiveCfg = Release|Any CPU
		{94BDE4B2-6FE6-4A6A-AECD-7656670497CB}.Release|Any CPU.Build.0 = Release|Any CPU
	EndGlobalSection
	GlobalSection(SolutionProperties) = preSolution
		HideSolutionNode = FALSE
	EndGlobalSection
	GlobalSection(ExtensibilityGlobals) = postSolution
		SolutionGuid = {7EF5072D-F5A0-42F6-88CB-DBE949CAF385}
	EndGlobalSection
EndGlobal
